
Microsoft Visual Studio Solution File, Format Version 12.00
# Visual Studio 2012
Project("{FAE04EC0-301F-11D3-BF4B-00C04F79EFBC}") = "TestApp", "TestApp\TestApp.csproj", "{8DF3D123-D2EA-4333-8D05-575F926EE79A}"
EndProject
Project("{FAE04EC0-301F-11D3-BF4B-00C04F79EFBC}") = "TestApp.iOS", "iOS\TestApp.iOS.csproj", "{4BE8CDF4-10CB-4384-9352-169658AD195E}"
EndProject
Project("{FAE04EC0-301F-11D3-BF4B-00C04F79EFBC}") = "TestApp.Droid", "Droid\TestApp.Droid.csproj", "{3FDA74B0-9F1A-489B-9518-70156E97ED42}"
EndProject
Global
	GlobalSection(SolutionConfigurationPlatforms) = preSolution
		Debug|Any CPU = Debug|Any CPU
		Release|Any CPU = Release|Any CPU
		Debug|iPhoneSimulator = Debug|iPhoneSimulator
		Release|iPhone = Release|iPhone
		Release|iPhoneSimulator = Release|iPhoneSimulator
		Debug|iPhone = Debug|iPhone
	EndGlobalSection
	GlobalSection(ProjectConfigurationPlatforms) = postSolution
		{3FDA74B0-9F1A-489B-9518-70156E97ED42}.Debug|Any CPU.ActiveCfg = Debug|Any CPU
		{3FDA74B0-9F1A-489B-9518-70156E97ED42}.Debug|Any CPU.Build.0 = Debug|Any CPU
		{3FDA74B0-9F1A-489B-9518-70156E97ED42}.Debug|iPhone.ActiveCfg = Debug|Any CPU
		{3FDA74B0-9F1A-489B-9518-70156E97ED42}.Debug|iPhone.Build.0 = Debug|Any CPU
		{3FDA74B0-9F1A-489B-9518-70156E97ED42}.Debug|iPhoneSimulator.ActiveCfg = Debug|Any CPU
		{3FDA74B0-9F1A-489B-9518-70156E97ED42}.Debug|iPhoneSimulator.Build.0 = Debug|Any CPU
		{3FDA74B0-9F1A-489B-9518-70156E97ED42}.Release|Any CPU.ActiveCfg = Release|Any CPU
		{3FDA74B0-9F1A-489B-9518-70156E97ED42}.Release|Any CPU.Build.0 = Release|Any CPU
		{3FDA74B0-9F1A-489B-9518-70156E97ED42}.Release|iPhone.ActiveCfg = Release|Any CPU
		{3FDA74B0-9F1A-489B-9518-70156E97ED42}.Release|iPhone.Build.0 = Release|Any CPU
		{3FDA74B0-9F1A-489B-9518-70156E97ED42}.Release|iPhoneSimulator.ActiveCfg = Release|Any CPU
		{3FDA74B0-9F1A-489B-9518-70156E97ED42}.Release|iPhoneSimulator.Build.0 = Release|Any CPU
		{4BE8CDF4-10CB-4384-9352-169658AD195E}.Debug|Any CPU.ActiveCfg = Debug|iPhoneSimulator
		{4BE8CDF4-10CB-4384-9352-169658AD195E}.Debug|Any CPU.Build.0 = Debug|iPhoneSimulator
		{4BE8CDF4-10CB-4384-9352-169658AD195E}.Debug|iPhone.ActiveCfg = Debug|iPhone
		{4BE8CDF4-10CB-4384-9352-169658AD195E}.Debug|iPhone.Build.0 = Debug|iPhone
		{4BE8CDF4-10CB-4384-9352-169658AD195E}.Debug|iPhoneSimulator.ActiveCfg = Debug|iPhoneSimulator
		{4BE8CDF4-10CB-4384-9352-169658AD195E}.Debug|iPhoneSimulator.Build.0 = Debug|iPhoneSimulator
		{4BE8CDF4-10CB-4384-9352-169658AD195E}.Release|Any CPU.ActiveCfg = Release|iPhone
		{4BE8CDF4-10CB-4384-9352-169658AD195E}.Release|Any CPU.Build.0 = Release|iPhone
		{4BE8CDF4-10CB-4384-9352-169658AD195E}.Release|iPhone.ActiveCfg = Release|iPhone
		{4BE8CDF4-10CB-4384-9352-169658AD195E}.Release|iPhone.Build.0 = Release|iPhone
		{4BE8CDF4-10CB-4384-9352-169658AD195E}.Release|iPhoneSimulator.ActiveCfg = Release|iPhoneSimulator
		{4BE8CDF4-10CB-4384-9352-169658AD195E}.Release|iPhoneSimulator.Build.0 = Release|iPhoneSimulator
		{8DF3D123-D2EA-4333-8D05-575F926EE79A}.Debug|Any CPU.ActiveCfg = Debug|Any CPU
		{8DF3D123-D2EA-4333-8D05-575F926EE79A}.Debug|Any CPU.Build.0 = Debug|Any CPU
		{8DF3D123-D2EA-4333-8D05-575F926EE79A}.Debug|iPhone.ActiveCfg = Debug|Any CPU
		{8DF3D123-D2EA-4333-8D05-575F926EE79A}.Debug|iPhone.Build.0 = Debug|Any CPU
		{8DF3D123-D2EA-4333-8D05-575F926EE79A}.Debug|iPhoneSimulator.ActiveCfg = Debug|Any CPU
		{8DF3D123-D2EA-4333-8D05-575F926EE79A}.Debug|iPhoneSimulator.Build.0 = Debug|Any CPU
		{8DF3D123-D2EA-4333-8D05-575F926EE79A}.Release|Any CPU.ActiveCfg = Release|Any CPU
		{8DF3D123-D2EA-4333-8D05-575F926EE79A}.Release|Any CPU.Build.0 = Release|Any CPU
		{8DF3D123-D2EA-4333-8D05-575F926EE79A}.Release|iPhone.ActiveCfg = Release|Any CPU
		{8DF3D123-D2EA-4333-8D05-575F926EE79A}.Release|iPhone.Build.0 = Release|Any CPU
		{8DF3D123-D2EA-4333-8D05-575F926EE79A}.Release|iPhoneSimulator.ActiveCfg = Release|Any CPU
		{8DF3D123-D2EA-4333-8D05-575F926EE79A}.Release|iPhoneSimulator.Build.0 = Release|Any CPU
	EndGlobalSection
EndGlobal
